
Microsoft Visual Studio Solution File, Format Version 12.00
# Visual Studio 15
VisualStudioVersion = 15.0.28307.136
MinimumVisualStudioVersion = 10.0.40219.1
Project("{FAE04EC0-301F-11D3-BF4B-00C04F79EFBC}") = "SomeSorts", "SomeSorts\SomeSorts.csproj", "{6DC7FB1E-15C5-47B1-A033-ABA070CEECCB}"
EndProject
Global
	GlobalSection(SolutionConfigurationPlatforms) = preSolution
		Debug|Any CPU = Debug|Any CPU
		Release|Any CPU = Release|Any CPU
	EndGlobalSection
	GlobalSection(ProjectConfigurationPlatforms) = postSolution
		{6DC7FB1E-15C5-47B1-A033-ABA070CEECCB}.Debug|Any CPU.ActiveCfg = Debug|Any CPU
		{6DC7FB1E-15C5-47B1-A033-ABA070CEECCB}.Debug|Any CPU.Build.0 = Debug|Any CPU
		{6DC7FB1E-15C5-47B1-A033-ABA070CEECCB}.Release|Any CPU.ActiveCfg = Release|Any CPU
		{6DC7FB1E-15C5-47B1-A033-ABA070CEECCB}.Release|Any CPU.Build.0 = Release|Any CPU
	EndGlobalSection
	GlobalSection(SolutionProperties) = preSolution
		HideSolutionNode = FALSE
	EndGlobalSection
	GlobalSection(ExtensibilityGlobals) = postSolution
		SolutionGuid = {4D4F6E85-4DBC-4CE7-B7E2-3D0C0AE50035}
	EndGlobalSection
EndGlobal
